
Microsoft Visual Studio Solution File, Format Version 12.00
# Visual Studio Version 17
VisualStudioVersion = 17.14.36109.1 d17.14
MinimumVisualStudioVersion = 10.0.40219.1
Project("{FAE04EC0-301F-11D3-BF4B-00C04F79EFBC}") = "ThvLesson07", "ThvLesson07.csproj", "{25AA07E4-35DC-494C-A68B-DCBF71758950}"
EndProject
Global
	GlobalSection(SolutionConfigurationPlatforms) = preSolution
		Debug|Any CPU = Debug|Any CPU
		Release|Any CPU = Release|Any CPU
	EndGlobalSection
	GlobalSection(ProjectConfigurationPlatforms) = postSolution
		{25AA07E4-35DC-494C-A68B-DCBF71758950}.Debug|Any CPU.ActiveCfg = Debug|Any CPU
		{25AA07E4-35DC-494C-A68B-DCBF71758950}.Debug|Any CPU.Build.0 = Debug|Any CPU
		{25AA07E4-35DC-494C-A68B-DCBF71758950}.Release|Any CPU.ActiveCfg = Release|Any CPU
		{25AA07E4-35DC-494C-A68B-DCBF71758950}.Release|Any CPU.Build.0 = Release|Any CPU
	EndGlobalSection
	GlobalSection(SolutionProperties) = preSolution
		HideSolutionNode = FALSE
	EndGlobalSection
	GlobalSection(ExtensibilityGlobals) = postSolution
		SolutionGuid = {854609ED-96DD-4DCD-9093-6B3EED3F9DAD}
	EndGlobalSection
EndGlobal
