
Microsoft Visual Studio Solution File, Format Version 12.00
# Visual Studio Version 17
VisualStudioVersion = 17.14.36109.1 d17.14
MinimumVisualStudioVersion = 10.0.40219.1
Project("{FAE04EC0-301F-11D3-BF4B-00C04F79EFBC}") = "ThvLab03", "ThvLab03.csproj", "{43970740-C18D-4310-8D05-4E7358280840}"
EndProject
Global
	GlobalSection(SolutionConfigurationPlatforms) = preSolution
		Debug|Any CPU = Debug|Any CPU
		Release|Any CPU = Release|Any CPU
	EndGlobalSection
	GlobalSection(ProjectConfigurationPlatforms) = postSolution
		{43970740-C18D-4310-8D05-4E7358280840}.Debug|Any CPU.ActiveCfg = Debug|Any CPU
		{43970740-C18D-4310-8D05-4E7358280840}.Debug|Any CPU.Build.0 = Debug|Any CPU
		{43970740-C18D-4310-8D05-4E7358280840}.Release|Any CPU.ActiveCfg = Release|Any CPU
		{43970740-C18D-4310-8D05-4E7358280840}.Release|Any CPU.Build.0 = Release|Any CPU
	EndGlobalSection
	GlobalSection(SolutionProperties) = preSolution
		HideSolutionNode = FALSE
	EndGlobalSection
	GlobalSection(ExtensibilityGlobals) = postSolution
		SolutionGuid = {0B295B08-152E-47D6-A3AF-C438620684E6}
	EndGlobalSection
EndGlobal
