
Microsoft Visual Studio Solution File, Format Version 12.00
# Visual Studio Version 17
VisualStudioVersion = 17.14.36109.1 d17.14
MinimumVisualStudioVersion = 10.0.40219.1
Project("{FAE04EC0-301F-11D3-BF4B-00C04F79EFBC}") = "ThvLesson03", "ThvLesson03.csproj", "{03CB7E9E-175C-4A48-9734-BE7F5BF749AD}"
EndProject
Global
	GlobalSection(SolutionConfigurationPlatforms) = preSolution
		Debug|Any CPU = Debug|Any CPU
		Release|Any CPU = Release|Any CPU
	EndGlobalSection
	GlobalSection(ProjectConfigurationPlatforms) = postSolution
		{03CB7E9E-175C-4A48-9734-BE7F5BF749AD}.Debug|Any CPU.ActiveCfg = Debug|Any CPU
		{03CB7E9E-175C-4A48-9734-BE7F5BF749AD}.Debug|Any CPU.Build.0 = Debug|Any CPU
		{03CB7E9E-175C-4A48-9734-BE7F5BF749AD}.Release|Any CPU.ActiveCfg = Release|Any CPU
		{03CB7E9E-175C-4A48-9734-BE7F5BF749AD}.Release|Any CPU.Build.0 = Release|Any CPU
	EndGlobalSection
	GlobalSection(SolutionProperties) = preSolution
		HideSolutionNode = FALSE
	EndGlobalSection
	GlobalSection(ExtensibilityGlobals) = postSolution
		SolutionGuid = {E47A3122-9F09-4E73-84D5-F273C81BA3F6}
	EndGlobalSection
EndGlobal
